github.com/Masterminds/semver v0.0.0-20180807142431-c84ddcca87bf h1:BMUJnVJI5J506LOcyGHEvbCocMHAmKTRcG6CMAwGFYU=
github.com/Masterminds/semver v0.0.0-20180807142431-c84ddcca87bf/go.mod h1:MB6lktGJrhw8PrUyiEoblNEGEQ+RzHPF078ddwwvV3Y=
github.com/ant0ine/go-json-rest v0.0.0-20170913041208-ebb33769ae01 h1:oYAjCHMjyRaNBo3nUEepDce4LC+Kuh+6jU6y+AllvnU=
github.com/ant0ine/go-json-rest v0.0.0-20170913041208-ebb33769ae01/go.mod h1:q6aCt0GfU6LhpBsnZ/2U+mwe+0XB5WStbmwyoPfc+sk=
github.com/davecgh/go-spew v1.1.1 h1:vj9j/u1bqnvCEfJOwUhtlOARqs3+rkHYY13jYWTU97c=
github.com/davecgh/go-spew v1.1.1/go.mod h1:J7Y8YcW2NihsgmVo/mv3lAwl/skON4iLHjSsI+c5H38=
github.com/go-sql-driver/mysql v1.4.1 h1:g24URVg0OFbNUTx9qqY1IRZ9D9z3iPyi5zKhQZpNwpA=
github.com/go-sql-driver/mysql v1.4.1/go.mod h1:zAC/RDZ24gD3HViQzih4MyKcchzm+sOG5ZlKdlhCg5w=
github.com/golang/protobuf v1.2.0/go.mod h1:6lQm79b+lXiMfvg/cZm0SGofjICqVBUtrP5yJMmIC1U=
github.com/gorilla/websocket v0.0.0-20180605202552-5ed622c449da h1:b5fma7aUP2fn6+tdKKCJ0TxXYzY/5wDiqUxNdyi5VF4=
github.com/gorilla/websocket v0.0.0-20180605202552-5ed622c449da/go.mod h1:E7qHFY5m1UJ88s3WnNqhKjPHQ0heANvMoAMk2YaljkQ=
github.com/mitchellh/mapstructure v0.0.0-20180511142126-bb74f1db0675 h1:/rdJjIiKG5rRdwG5yxHmSE/7ZREjpyC0kL7GxGT/qJw=
github.com/mitchellh/mapstructure v0.0.0-20180511142126-bb74f1db0675/go.mod h1:FVVH3fgwuzCH5S8UJGiWEs2h04kUh9fWfEaFds41c1Y=
github.com/pmezard/go-difflib v1.0.0 h1:4DBwDE0NGyQoBHbLQYPwSUPoCMWR5BEzIk/f1lZbAQM=
github.com/pmezard/go-difflib v1.0.0/go.mod h1:iKH77koFhYxTK1pcRnkKkqfTogsbg7gZNVY4sRDYZ/4=
github.com/sendgrid/rest v0.0.0-20180905234047-875828e14d98 h1:wpBZ5DAYLNl+2v4E4WP8k/y8tM5OjIf1FezJS1qX8sU=
github.com/sendgrid/rest v0.0.0-20180905234047-875828e14d98/go.mod h1:kXX7q3jZtJXK5c5qK83bSGMdV6tsOE70KbHoqJls4lE=
github.com/sendgrid/sendgrid-go v0.0.0-20180905233524-8cb43f4ca4f5 h1:V18LU+jSbihmDiWfLSzs9FV1d3KVB1gRTkNxgVHmcvg=
github.com/sendgrid/sendgrid-go v0.0.0-20180905233524-8cb43f4ca4f5/go.mod h1:QRQt+LX/NmgVEvmdRw0VT/QgUn499+iza2FnDca9fg8=
github.com/stretchr/objx v0.1.1 h1:2vfRuCMp5sSVIDSqO8oNnWJq7mPa6KVP3iPIwFBuy8A=
github.com/stretchr/objx v0.1.1/go.mod h1:HFkY916IF+rwdDfMAkV7OtwuqBVzrE8GR6GFx+wExME=
github.com/stretchr/testify v1.2.2 h1:bSDNvY7ZPG5RlJ8otE/7V6gMiyenm9RtJ7IUVIAoJ1w=
github.com/stretchr/testify v1.2.2/go.mod h1:a8OnRcib4nhh0OaRAV+Yts87kKdq0PP7pXfy6kDkUVs=
golang.org/x/crypto v0.0.0-20171231215028-0fcca4842a8d h1:GrqEEc3+MtHKTsZrdIGVoYDgLpbSRzW1EF+nLu0PcHE=
golang.org/x/crypto v0.0.0-20171231215028-0fcca4842a8d/go.mod h1:6SG95UA2DQfeDnfUPMdvaQW0Q7yPrPDi9nlGo2tz2b4=
golang.org/x/net v0.0.0-20180724234803-3673e40ba225/go.mod h1:mL1N/T3taQHkDXs73rZJwtUhF3w3ftmwwsq0BUmARs4=
golang.org/x/text v0.3.0/go.mod h1:NqM8EUOU14njkJ3fqMW+pc6Ldnwhi/IjpwHt7yyuwOQ=
google.golang.org/appengine v1.4.0 h1:/wp5JvzpHIxhs/dumFmF7BXTf3Z+dd4uXta4kVyO508=
google.golang.org/appengine v1.4.0/go.mod h1:xpcJRLb0r/rnEns0DIKYYv+WjYCduHsrkT7/EB5XEv4=
